// !$*UTF8*$!
{
	archiveVersion = 1;
	classes = {
	};
	objectVersion = 55;
	objects = {

/* Begin PBXBuildFile section */
		4EBFA471286D37AD00A2239C /* AppDelegate.swift in Sources */ = {isa = PBXBuildFile; fileRef = 4EBFA470286D37AD00A2239C /* AppDelegate.swift */; };
		4EBFA473286D37AD00A2239C /* SceneDelegate.swift in Sources */ = {isa = PBXBuildFile; fileRef = 4EBFA472286D37AD00A2239C /* SceneDelegate.swift */; };
		4EBFA475286D37AD00A2239C /* WeatherVC.swift in Sources */ = {isa = PBXBuildFile; fileRef = 4EBFA474286D37AD00A2239C /* WeatherVC.swift */; };
		4EBFA478286D37AD00A2239C /* Main.storyboard in Resources */ = {isa = PBXBuildFile; fileRef = 4EBFA476286D37AD00A2239C /* Main.storyboard */; };
		4EBFA47A286D37AE00A2239C /* Assets.xcassets in Resources */ = {isa = PBXBuildFile; fileRef = 4EBFA479286D37AE00A2239C /* Assets.xcassets */; };
		4EBFA47D286D37AE00A2239C /* LaunchScreen.storyboard in Resources */ = {isa = PBXBuildFile; fileRef = 4EBFA47B286D37AE00A2239C /* LaunchScreen.storyboard */; };
		4EBFA48A286E7A6F00A2239C /* WeatherService.swift in Sources */ = {isa = PBXBuildFile; fileRef = 4EBFA489286E7A6F00A2239C /* WeatherService.swift */; };
		4EBFA48C286E7BB000A2239C /* CurrentWeatherData.swift in Sources */ = {isa = PBXBuildFile; fileRef = 4EBFA48B286E7BAF00A2239C /* CurrentWeatherData.swift */; };
		4EBFA48E286E7E9600A2239C /* Weather.swift in Sources */ = {isa = PBXBuildFile; fileRef = 4EBFA48D286E7E9600A2239C /* Weather.swift */; };
		4EBFA490286F868A00A2239C /* WeatherManager.swift in Sources */ = {isa = PBXBuildFile; fileRef = 4EBFA48F286F868A00A2239C /* WeatherManager.swift */; };
		4EBFA492286FA83400A2239C /* Units.swift in Sources */ = {isa = PBXBuildFile; fileRef = 4EBFA491286FA83400A2239C /* Units.swift */; };
		4EBFA494286FB2D300A2239C /* MainView.swift in Sources */ = {isa = PBXBuildFile; fileRef = 4EBFA493286FB2D300A2239C /* MainView.swift */; };
/* End PBXBuildFile section */

/* Begin PBXFileReference section */
		4EBFA46D286D37AD00A2239C /* Weather.app */ = {isa = PBXFileReference; explicitFileType = wrapper.application; includeInIndex = 0; path = Weather.app; sourceTree = BUILT_PRODUCTS_DIR; };
		4EBFA470286D37AD00A2239C /* AppDelegate.swift */ = {isa = PBXFileReference; lastKnownFileType = sourcecode.swift; path = AppDelegate.swift; sourceTree = "<group>"; };
		4EBFA472286D37AD00A2239C /* SceneDelegate.swift */ = {isa = PBXFileReference; lastKnownFileType = sourcecode.swift; path = SceneDelegate.swift; sourceTree = "<group>"; };
		4EBFA474286D37AD00A2239C /* WeatherVC.swift */ = {isa = PBXFileReference; lastKnownFileType = sourcecode.swift; path = WeatherVC.swift; sourceTree = "<group>"; };
		4EBFA477286D37AD00A2239C /* Base */ = {isa = PBXFileReference; lastKnownFileType = file.storyboard; name = Base; path = Base.lproj/Main.storyboard; sourceTree = "<group>"; };
		4EBFA479286D37AE00A2239C /* Assets.xcassets */ = {isa = PBXFileReference; lastKnownFileType = folder.assetcatalog; path = Assets.xcassets; sourceTree = "<group>"; };
		4EBFA47C286D37AE00A2239C /* Base */ = {isa = PBXFileReference; lastKnownFileType = file.storyboard; name = Base; path = Base.lproj/LaunchScreen.storyboard; sourceTree = "<group>"; };
		4EBFA47E286D37AE00A2239C /* Info.plist */ = {isa = PBXFileReference; lastKnownFileType = text.plist.xml; path = Info.plist; sourceTree = "<group>"; };
		4EBFA489286E7A6F00A2239C /* WeatherService.swift */ = {isa = PBXFileReference; lastKnownFileType = sourcecode.swift; path = WeatherService.swift; sourceTree = "<group>"; };
		4EBFA48B286E7BAF00A2239C /* CurrentWeatherData.swift */ = {isa = PBXFileReference; lastKnownFileType = sourcecode.swift; path = CurrentWeatherData.swift; sourceTree = "<group>"; };
		4EBFA48D286E7E9600A2239C /* Weather.swift */ = {isa = PBXFileReference; lastKnownFileType = sourcecode.swift; path = Weather.swift; sourceTree = "<group>"; };
		4EBFA48F286F868A00A2239C /* WeatherManager.swift */ = {isa = PBXFileReference; lastKnownFileType = sourcecode.swift; path = WeatherManager.swift; sourceTree = "<group>"; };
		4EBFA491286FA83400A2239C /* Units.swift */ = {isa = PBXFileReference; lastKnownFileType = sourcecode.swift; path = Units.swift; sourceTree = "<group>"; };
		4EBFA493286FB2D300A2239C /* MainView.swift */ = {isa = PBXFileReference; lastKnownFileType = sourcecode.swift; path = MainView.swift; sourceTree = "<group>"; };
/* End PBXFileReference section */

/* Begin PBXFrameworksBuildPhase section */
		4EBFA46A286D37AD00A2239C /* Frameworks */ = {
			isa = PBXFrameworksBuildPhase;
			buildActionMask = 2147483647;
			files = (
			);
			runOnlyForDeploymentPostprocessing = 0;
		};
/* End PBXFrameworksBuildPhase section */

/* Begin PBXGroup section */
		4EBFA464286D37AD00A2239C = {
			isa = PBXGroup;
			children = (
				4EBFA46F286D37AD00A2239C /* Weather */,
				4EBFA46E286D37AD00A2239C /* Products */,
			);
			sourceTree = "<group>";
		};
		4EBFA46E286D37AD00A2239C /* Products */ = {
			isa = PBXGroup;
			children = (
				4EBFA46D286D37AD00A2239C /* Weather.app */,
			);
			name = Products;
			sourceTree = "<group>";
		};
		4EBFA46F286D37AD00A2239C /* Weather */ = {
			isa = PBXGroup;
			children = (
				4EBFA488286E7A5600A2239C /* Services */,
				4EBFA484286E7A0F00A2239C /* Model */,
				4EBFA485286E7A1300A2239C /* View */,
				4EBFA486286E7A1700A2239C /* Controller */,
				4EBFA470286D37AD00A2239C /* AppDelegate.swift */,
				4EBFA472286D37AD00A2239C /* SceneDelegate.swift */,
				4EBFA474286D37AD00A2239C /* WeatherVC.swift */,
				4EBFA476286D37AD00A2239C /* Main.storyboard */,
				4EBFA479286D37AE00A2239C /* Assets.xcassets */,
				4EBFA47B286D37AE00A2239C /* LaunchScreen.storyboard */,
				4EBFA47E286D37AE00A2239C /* Info.plist */,
			);
			path = Weather;
			sourceTree = "<group>";
		};
		4EBFA484286E7A0F00A2239C /* Model */ = {
			isa = PBXGroup;
			children = (
				4EBFA48B286E7BAF00A2239C /* CurrentWeatherData.swift */,
				4EBFA48D286E7E9600A2239C /* Weather.swift */,
				4EBFA48F286F868A00A2239C /* WeatherManager.swift */,
				4EBFA491286FA83400A2239C /* Units.swift */,
			);
			path = Model;
			sourceTree = "<group>";
		};
		4EBFA485286E7A1300A2239C /* View */ = {
			isa = PBXGroup;
			children = (
				4EBFA493286FB2D300A2239C /* MainView.swift */,
			);
			path = View;
			sourceTree = "<group>";
		};
		4EBFA486286E7A1700A2239C /* Controller */ = {
			isa = PBXGroup;
			children = (
			);
			path = Controller;
			sourceTree = "<group>";
		};
		4EBFA488286E7A5600A2239C /* Services */ = {
			isa = PBXGroup;
			children = (
				4EBFA489286E7A6F00A2239C /* WeatherService.swift */,
			);
			path = Services;
			sourceTree = "<group>";
		};
/* End PBXGroup section */

/* Begin PBXNativeTarget section */
		4EBFA46C286D37AD00A2239C /* Weather */ = {
			isa = PBXNativeTarget;
			buildConfigurationList = 4EBFA481286D37AE00A2239C /* Build configuration list for PBXNativeTarget "Weather" */;
			buildPhases = (
				4EBFA469286D37AD00A2239C /* Sources */,
				4EBFA46A286D37AD00A2239C /* Frameworks */,
				4EBFA46B286D37AD00A2239C /* Resources */,
			);
			buildRules = (
			);
			dependencies = (
			);
			name = Weather;
			productName = Weather;
			productReference = 4EBFA46D286D37AD00A2239C /* Weather.app */;
			productType = "com.apple.product-type.application";
		};
/* End PBXNativeTarget section */

/* Begin PBXProject section */
		4EBFA465286D37AD00A2239C /* Project object */ = {
			isa = PBXProject;
			attributes = {
				BuildIndependentTargetsInParallel = 1;
				LastSwiftUpdateCheck = 1330;
				LastUpgradeCheck = 1330;
				TargetAttributes = {
					4EBFA46C286D37AD00A2239C = {
						CreatedOnToolsVersion = 13.3.1;
					};
				};
			};
			buildConfigurationList = 4EBFA468286D37AD00A2239C /* Build configuration list for PBXProject "Weather" */;
			compatibilityVersion = "Xcode 13.0";
			developmentRegion = en;
			hasScannedForEncodings = 0;
			knownRegions = (
				en,
				Base,
			);
			mainGroup = 4EBFA464286D37AD00A2239C;
			productRefGroup = 4EBFA46E286D37AD00A2239C /* Products */;
			projectDirPath = "";
			projectRoot = "";
			targets = (
				4EBFA46C286D37AD00A2239C /* Weather */,
			);
		};
/* End PBXProject section */

/* Begin PBXResourcesBuildPhase section */
		4EBFA46B286D37AD00A2239C /* Resources */ = {
			isa = PBXResourcesBuildPhase;
			buildActionMask = 2147483647;
			files = (
				4EBFA47D286D37AE00A2239C /* LaunchScreen.storyboard in Resources */,
				4EBFA47A286D37AE00A2239C /* Assets.xcassets in Resources */,
				4EBFA478286D37AD00A2239C /* Main.storyboard in Resources */,
			);
			runOnlyForDeploymentPostprocessing = 0;
		};
/* End PBXResourcesBuildPhase section */

/* Begin PBXSourcesBuildPhase section */
		4EBFA469286D37AD00A2239C /* Sources */ = {
			isa = PBXSourcesBuildPhase;
			buildActionMask = 2147483647;
			files = (
				4EBFA48A286E7A6F00A2239C /* WeatherService.swift in Sources */,
				4EBFA494286FB2D300A2239C /* MainView.swift in Sources */,
				4EBFA492286FA83400A2239C /* Units.swift in Sources */,
				4EBFA475286D37AD00A2239C /* WeatherVC.swift in Sources */,
				4EBFA48C286E7BB000A2239C /* CurrentWeatherData.swift in Sources */,
				4EBFA490286F868A00A2239C /* WeatherManager.swift in Sources */,
				4EBFA471286D37AD00A2239C /* AppDelegate.swift in Sources */,
				4EBFA48E286E7E9600A2239C /* Weather.swift in Sources */,
				4EBFA473286D37AD00A2239C /* SceneDelegate.swift in Sources */,
			);
			runOnlyForDeploymentPostprocessing = 0;
		};
/* End PBXSourcesBuildPhase section */

/* Begin PBXVariantGroup section */
		4EBFA476286D37AD00A2239C /* Main.storyboard */ = {
			isa = PBXVariantGroup;
			children = (
				4EBFA477286D37AD00A2239C /* Base */,
			);
			name = Main.storyboard;
			sourceTree = "<group>";
		};
		4EBFA47B286D37AE00A2239C /* LaunchScreen.storyboard */ = {
			isa = PBXVariantGroup;
			children = (
				4EBFA47C286D37AE00A2239C /* Base */,
			);
			name = LaunchScreen.storyboard;
			sourceTree = "<group>";
		};
/* End PBXVariantGroup section */

/* Begin XCBuildConfiguration section */
		4EBFA47F286D37AE00A2239C /* Debug */ = {
			isa = XCBuildConfiguration;
			buildSettings = {
				ALWAYS_SEARCH_USER_PATHS = NO;
				CLANG_ANALYZER_NONNULL = YES;
				CLANG_ANALYZER_NUMBER_OBJECT_CONVERSION = YES_AGGRESSIVE;
				CLANG_CXX_LANGUAGE_STANDARD = "gnu++17";
				CLANG_ENABLE_MODULES = YES;
				CLANG_ENABLE_OBJC_ARC = YES;
				CLANG_ENABLE_OBJC_WEAK = YES;
				CLANG_WARN_BLOCK_CAPTURE_AUTORELEASING = YES;
				CLANG_WARN_BOOL_CONVERSION = YES;
				CLANG_WARN_COMMA = YES;
				CLANG_WARN_CONSTANT_CONVERSION = YES;
				CLANG_WARN_DEPRECATED_OBJC_IMPLEMENTATIONS = YES;
				CLANG_WARN_DIRECT_OBJC_ISA_USAGE = YES_ERROR;
				CLANG_WARN_DOCUMENTATION_COMMENTS = YES;
				CLANG_WARN_EMPTY_BODY = YES;
				CLANG_WARN_ENUM_CONVERSION = YES;
				CLANG_WARN_INFINITE_RECURSION = YES;
				CLANG_WARN_INT_CONVERSION = YES;
				CLANG_WARN_NON_LITERAL_NULL_CONVERSION = YES;
				CLANG_WARN_OBJC_IMPLICIT_RETAIN_SELF = YES;
				CLANG_WARN_OBJC_LITERAL_CONVERSION = YES;
				CLANG_WARN_OBJC_ROOT_CLASS = YES_ERROR;
				CLANG_WARN_QUOTED_INCLUDE_IN_FRAMEWORK_HEADER = YES;
				CLANG_WARN_RANGE_LOOP_ANALYSIS = YES;
				CLANG_WARN_STRICT_PROTOTYPES = YES;
				CLANG_WARN_SUSPICIOUS_MOVE = YES;
				CLANG_WARN_UNGUARDED_AVAILABILITY = YES_AGGRESSIVE;
				CLANG_WARN_UNREACHABLE_CODE = YES;
				CLANG_WARN__DUPLICATE_METHOD_MATCH = YES;
				COPY_PHASE_STRIP = NO;
				DEBUG_INFORMATION_FORMAT = dwarf;
				ENABLE_STRICT_OBJC_MSGSEND = YES;
				ENABLE_TESTABILITY = YES;
				GCC_C_LANGUAGE_STANDARD = gnu11;
				GCC_DYNAMIC_NO_PIC = NO;
				GCC_NO_COMMON_BLOCKS = YES;
				GCC_OPTIMIZATION_LEVEL = 0;
				GCC_PREPROCESSOR_DEFINITIONS = (
					"DEBUG=1",
					"$(inherited)",
				);
				GCC_WARN_64_TO_32_BIT_CONVERSION = YES;
				GCC_WARN_ABOUT_RETURN_TYPE = YES_ERROR;
				GCC_WARN_UNDECLARED_SELECTOR = YES;
				GCC_WARN_UNINITIALIZED_AUTOS = YES_AGGRESSIVE;
				GCC_WARN_UNUSED_FUNCTION = YES;
				GCC_WARN_UNUSED_VARIABLE = YES;
				IPHONEOS_DEPLOYMENT_TARGET = 15.4;
				MTL_ENABLE_DEBUG_INFO = INCLUDE_SOURCE;
				MTL_FAST_MATH = YES;
				ONLY_ACTIVE_ARCH = YES;
				SDKROOT = iphoneos;
				SWIFT_ACTIVE_COMPILATION_CONDITIONS = DEBUG;
				SWIFT_OPTIMIZATION_LEVEL = "-Onone";
			};
			name = Debug;
		};
		4EBFA480286D37AE00A2239C /* Release */ = {
			isa = XCBuildConfiguration;
			buildSettings = {
				ALWAYS_SEARCH_USER_PATHS = NO;
				CLANG_ANALYZER_NONNULL = YES;
				CLANG_ANALYZER_NUMBER_OBJECT_CONVERSION = YES_AGGRESSIVE;
				CLANG_CXX_LANGUAGE_STANDARD = "gnu++17";
				CLANG_ENABLE_MODULES = YES;
				CLANG_ENABLE_OBJC_ARC = YES;
				CLANG_ENABLE_OBJC_WEAK = YES;
				CLANG_WARN_BLOCK_CAPTURE_AUTORELEASING = YES;
				CLANG_WARN_BOOL_CONVERSION = YES;
				CLANG_WARN_COMMA = YES;
				CLANG_WARN_CONSTANT_CONVERSION = YES;
				CLANG_WARN_DEPRECATED_OBJC_IMPLEMENTATIONS = YES;
				CLANG_WARN_DIRECT_OBJC_ISA_USAGE = YES_ERROR;
				CLANG_WARN_DOCUMENTATION_COMMENTS = YES;
				CLANG_WARN_EMPTY_BODY = YES;
				CLANG_WARN_ENUM_CONVERSION = YES;
				CLANG_WARN_INFINITE_RECURSION = YES;
				CLANG_WARN_INT_CONVERSION = YES;
				CLANG_WARN_NON_LITERAL_NULL_CONVERSION = YES;
				CLANG_WARN_OBJC_IMPLICIT_RETAIN_SELF = YES;
				CLANG_WARN_OBJC_LITERAL_CONVERSION = YES;
				CLANG_WARN_OBJC_ROOT_CLASS = YES_ERROR;
				CLANG_WARN_QUOTED_INCLUDE_IN_FRAMEWORK_HEADER = YES;
				CLANG_WARN_RANGE_LOOP_ANALYSIS = YES;
				CLANG_WARN_STRICT_PROTOTYPES = YES;
				CLANG_WARN_SUSPICIOUS_MOVE = YES;
				CLANG_WARN_UNGUARDED_AVAILABILITY = YES_AGGRESSIVE;
				CLANG_WARN_UNREACHABLE_CODE = YES;
				CLANG_WARN__DUPLICATE_METHOD_MATCH = YES;
				COPY_PHASE_STRIP = NO;
				DEBUG_INFORMATION_FORMAT = "dwarf-with-dsym";
				ENABLE_NS_ASSERTIONS = NO;
				ENABLE_STRICT_OBJC_MSGSEND = YES;
				GCC_C_LANGUAGE_STANDARD = gnu11;
				GCC_NO_COMMON_BLOCKS = YES;
				GCC_WARN_64_TO_32_BIT_CONVERSION = YES;
				GCC_WARN_ABOUT_RETURN_TYPE = YES_ERROR;
				GCC_WARN_UNDECLARED_SELECTOR = YES;
				GCC_WARN_UNINITIALIZED_AUTOS = YES_AGGRESSIVE;
				GCC_WARN_UNUSED_FUNCTION = YES;
				GCC_WARN_UNUSED_VARIABLE = YES;
				IPHONEOS_DEPLOYMENT_TARGET = 15.4;
				MTL_ENABLE_DEBUG_INFO = NO;
				MTL_FAST_MATH = YES;
				SDKROOT = iphoneos;
				SWIFT_COMPILATION_MODE = wholemodule;
				SWIFT_OPTIMIZATION_LEVEL = "-O";
				VALIDATE_PRODUCT = YES;
			};
			name = Release;
		};
		4EBFA482286D37AE00A2239C /* Debug */ = {
			isa = XCBuildConfiguration;
			buildSettings = {
				ASSETCATALOG_COMPILER_APPICON_NAME = AppIcon;
				ASSETCATALOG_COMPILER_GLOBAL_ACCENT_COLOR_NAME = AccentColor;
				CODE_SIGN_STYLE = Automatic;
				CURRENT_PROJECT_VERSION = 1;
				GENERATE_INFOPLIST_FILE = YES;
				INFOPLIST_FILE = Weather/Info.plist;
				INFOPLIST_KEY_UIApplicationSupportsIndirectInputEvents = YES;
				INFOPLIST_KEY_UILaunchStoryboardName = LaunchScreen;
				INFOPLIST_KEY_UIMainStoryboardFile = Main;
				INFOPLIST_KEY_UISupportedInterfaceOrientations_iPad = "UIInterfaceOrientationPortrait UIInterfaceOrientationPortraitUpsideDown UIInterfaceOrientationLandscapeLeft UIInterfaceOrientationLandscapeRight";
				INFOPLIST_KEY_UISupportedInterfaceOrientations_iPhone = "UIInterfaceOrientationPortrait UIInterfaceOrientationLandscapeLeft UIInterfaceOrientationLandscapeRight";
				LD_RUNPATH_SEARCH_PATHS = (
					"$(inherited)",
					"@executable_path/Frameworks",
				);
				MARKETING_VERSION = 1.0;
				PRODUCT_BUNDLE_IDENTIFIER = stevenapk.Weather;
				PRODUCT_NAME = "$(TARGET_NAME)";
				SWIFT_EMIT_LOC_STRINGS = YES;
				SWIFT_VERSION = 5.0;
				TARGETED_DEVICE_FAMILY = "1,2";
			};
			name = Debug;
		};
		4EBFA483286D37AE00A2239C /* Release */ = {
			isa = XCBuildConfiguration;
			buildSettings = {
				ASSETCATALOG_COMPILER_APPICON_NAME = AppIcon;
				ASSETCATALOG_COMPILER_GLOBAL_ACCENT_COLOR_NAME = AccentColor;
				CODE_SIGN_STYLE = Automatic;
				CURRENT_PROJECT_VERSION = 1;
				GENERATE_INFOPLIST_FILE = YES;
				INFOPLIST_FILE = Weather/Info.plist;
				INFOPLIST_KEY_UIApplicationSupportsIndirectInputEvents = YES;
				INFOPLIST_KEY_UILaunchStoryboardName = LaunchScreen;
				INFOPLIST_KEY_UIMainStoryboardFile = Main;
				INFOPLIST_KEY_UISupportedInterfaceOrientations_iPad = "UIInterfaceOrientationPortrait UIInterfaceOrientationPortraitUpsideDown UIInterfaceOrientationLandscapeLeft UIInterfaceOrientationLandscapeRight";
				INFOPLIST_KEY_UISupportedInterfaceOrientations_iPhone = "UIInterfaceOrientationPortrait UIInterfaceOrientationLandscapeLeft UIInterfaceOrientationLandscapeRight";
				LD_RUNPATH_SEARCH_PATHS = (
					"$(inherited)",
					"@executable_path/Frameworks",
				);
				MARKETING_VERSION = 1.0;
				PRODUCT_BUNDLE_IDENTIFIER = stevenapk.Weather;
				PRODUCT_NAME = "$(TARGET_NAME)";
				SWIFT_EMIT_LOC_STRINGS = YES;
				SWIFT_VERSION = 5.0;
				TARGETED_DEVICE_FAMILY = "1,2";
			};
			name = Release;
		};
/* End XCBuildConfiguration section */

/* Begin XCConfigurationList section */
		4EBFA468286D37AD00A2239C /* Build configuration list for PBXProject "Weather" */ = {
			isa = XCConfigurationList;
			buildConfigurations = (
				4EBFA47F286D37AE00A2239C /* Debug */,
				4EBFA480286D37AE00A2239C /* Release */,
			);
			defaultConfigurationIsVisible = 0;
			defaultConfigurationName = Release;
		};
		4EBFA481286D37AE00A2239C /* Build configuration list for PBXNativeTarget "Weather" */ = {
			isa = XCConfigurationList;
			buildConfigurations = (
				4EBFA482286D37AE00A2239C /* Debug */,
				4EBFA483286D37AE00A2239C /* Release */,
			);
			defaultConfigurationIsVisible = 0;
			defaultConfigurationName = Release;
		};
/* End XCConfigurationList section */
	};
	rootObject = 4EBFA465286D37AD00A2239C /* Project object */;
}
